<Solution>
  <Folder Name="/deploy/">
    <File Path="deploy/docker-compose.yml" />
  </Folder>
  <Folder Name="/src/">
    <Project Path="src/Unisonmusic.Api/Unisonmusic.Api.csproj" />
    <Project Path="src/Unisonmusic.Migrator/Unisonmusic.Migrator.csproj" Id="9a0dcfd4-8e61-4ea3-b3d6-aae9d790b698" />
  </Folder>
</Solution>
